
Microsoft Visual Studio Solution File, Format Version 12.00
# Visual Studio 15
VisualStudioVersion = 15.0.27130.2026
MinimumVisualStudioVersion = 10.0.40219.1
Project("{FAE04EC0-301F-11D3-BF4B-00C04F79EFBC}") = "Lab1", "Lab1\Lab1.csproj", "{607EF866-6C54-4B98-828A-C7DE3697FCAB}"
EndProject
Global
	GlobalSection(SolutionConfigurationPlatforms) = preSolution
		Debug|Any CPU = Debug|Any CPU
		Release|Any CPU = Release|Any CPU
	EndGlobalSection
	GlobalSection(ProjectConfigurationPlatforms) = postSolution
		{607EF866-6C54-4B98-828A-C7DE3697FCAB}.Debug|Any CPU.ActiveCfg = Debug|Any CPU
		{607EF866-6C54-4B98-828A-C7DE3697FCAB}.Debug|Any CPU.Build.0 = Debug|Any CPU
		{607EF866-6C54-4B98-828A-C7DE3697FCAB}.Release|Any CPU.ActiveCfg = Release|Any CPU
		{607EF866-6C54-4B98-828A-C7DE3697FCAB}.Release|Any CPU.Build.0 = Release|Any CPU
	EndGlobalSection
	GlobalSection(SolutionProperties) = preSolution
		HideSolutionNode = FALSE
	EndGlobalSection
	GlobalSection(ExtensibilityGlobals) = postSolution
		SolutionGuid = {10610188-EF42-4D1B-974B-067581E0EF2F}
	EndGlobalSection
EndGlobal
